
Microsoft Visual Studio Solution File, Format Version 12.00
# Visual Studio Version 17
VisualStudioVersion = 17.13.35825.156
MinimumVisualStudioVersion = 10.0.40219.1
Project("{FAE04EC0-301F-11D3-BF4B-00C04F79EFBC}") = "Csharp_Study", "Csharp_Study\Csharp_Study.csproj", "{A25664B5-9C8A-403A-B1FE-07FD887DA8EE}"
EndProject
Project("{FAE04EC0-301F-11D3-BF4B-00C04F79EFBC}") = "0330", "0330\0330.csproj", "{822C3285-1600-401B-8AFF-472F0B2564ED}"
EndProject
Project("{FAE04EC0-301F-11D3-BF4B-00C04F79EFBC}") = "0331_Graph", "0331_Graph\0331_Graph.csproj", "{DCD6443F-B63B-4BF0-9FA4-8CB25D77B06A}"
EndProject
Project("{FAE04EC0-301F-11D3-BF4B-00C04F79EFBC}") = "0331_Graph_Practice", "0331_Graph_Practice\0331_Graph_Practice.csproj", "{6D82CCBB-5985-4A8F-B7F8-C479E60FA737}"
EndProject
Project("{FAE04EC0-301F-11D3-BF4B-00C04F79EFBC}") = "TextRPG", "TextRPG\TextRPG.csproj", "{640BC90C-1149-428D-89F8-9B052D7A6B5C}"
EndProject
Global
	GlobalSection(SolutionConfigurationPlatforms) = preSolution
		Debug|Any CPU = Debug|Any CPU
		Release|Any CPU = Release|Any CPU
	EndGlobalSection
	GlobalSection(ProjectConfigurationPlatforms) = postSolution
		{A25664B5-9C8A-403A-B1FE-07FD887DA8EE}.Debug|Any CPU.ActiveCfg = Debug|Any CPU
		{A25664B5-9C8A-403A-B1FE-07FD887DA8EE}.Debug|Any CPU.Build.0 = Debug|Any CPU
		{A25664B5-9C8A-403A-B1FE-07FD887DA8EE}.Release|Any CPU.ActiveCfg = Release|Any CPU
		{A25664B5-9C8A-403A-B1FE-07FD887DA8EE}.Release|Any CPU.Build.0 = Release|Any CPU
		{822C3285-1600-401B-8AFF-472F0B2564ED}.Debug|Any CPU.ActiveCfg = Debug|Any CPU
		{822C3285-1600-401B-8AFF-472F0B2564ED}.Debug|Any CPU.Build.0 = Debug|Any CPU
		{822C3285-1600-401B-8AFF-472F0B2564ED}.Release|Any CPU.ActiveCfg = Release|Any CPU
		{822C3285-1600-401B-8AFF-472F0B2564ED}.Release|Any CPU.Build.0 = Release|Any CPU
		{DCD6443F-B63B-4BF0-9FA4-8CB25D77B06A}.Debug|Any CPU.ActiveCfg = Debug|Any CPU
		{DCD6443F-B63B-4BF0-9FA4-8CB25D77B06A}.Debug|Any CPU.Build.0 = Debug|Any CPU
		{DCD6443F-B63B-4BF0-9FA4-8CB25D77B06A}.Release|Any CPU.ActiveCfg = Release|Any CPU
		{DCD6443F-B63B-4BF0-9FA4-8CB25D77B06A}.Release|Any CPU.Build.0 = Release|Any CPU
		{6D82CCBB-5985-4A8F-B7F8-C479E60FA737}.Debug|Any CPU.ActiveCfg = Debug|Any CPU
		{6D82CCBB-5985-4A8F-B7F8-C479E60FA737}.Debug|Any CPU.Build.0 = Debug|Any CPU
		{6D82CCBB-5985-4A8F-B7F8-C479E60FA737}.Release|Any CPU.ActiveCfg = Release|Any CPU
		{6D82CCBB-5985-4A8F-B7F8-C479E60FA737}.Release|Any CPU.Build.0 = Release|Any CPU
		{640BC90C-1149-428D-89F8-9B052D7A6B5C}.Debug|Any CPU.ActiveCfg = Debug|Any CPU
		{640BC90C-1149-428D-89F8-9B052D7A6B5C}.Debug|Any CPU.Build.0 = Debug|Any CPU
		{640BC90C-1149-428D-89F8-9B052D7A6B5C}.Release|Any CPU.ActiveCfg = Release|Any CPU
		{640BC90C-1149-428D-89F8-9B052D7A6B5C}.Release|Any CPU.Build.0 = Release|Any CPU
	EndGlobalSection
	GlobalSection(SolutionProperties) = preSolution
		HideSolutionNode = FALSE
	EndGlobalSection
	GlobalSection(ExtensibilityGlobals) = postSolution
		SolutionGuid = {132ED98D-6506-43AE-A3C9-87A262AF7819}
	EndGlobalSection
EndGlobal
